{
  "version": 4,
  "terraform_version": "1.16.1",
  "serial": 1,
  "lineage": "59bb4c76-25ee-c762-d811-b1e579260abd",
  "outputs": {
    "rgname": {
      "value": "test-rg, test-vnet",
      "type": "string"
    },
    "stgname": {
      "value": "Teststgaccount01",
      "type": "string"
    }
  },
  "resources": [
    {
      "mode": "managed",
      "type": "azurerm_resource_group",
      "name": "rg01",
      "provider": "provider[\"registry.terraform.io/hashicorp/azurerm\"]",
      "instances": [
        {
          "schema_version": 0,
          "attributes": {
            "id": "/subscriptions/f6cfd0e6-6d53-4b43-b432-69e591dde076/resourceGroups/Test-RG01",
            "location": "westeurope",
            "managed_by": "",
            "name": "Test-RG01",
            "tags": null,
            "timeouts": null
          },
          "sensitive_attributes": [],
          "identity_schema_version": 0,
          "identity": {
            "name": "Test-RG01",
            "subscription_id": "f6cfd0e6-6d53-4b43-b432-69e591dde076"
          },
          "private": "eyJlMmJmYjczMC1lY2FhLTExZTYtOGY4OC0zNDM2M2JjN2M0YzAiOnsiY3JlYXRlIjo1NDAwMDAwMDAwMDAwLCJkZWxldGUiOjU0MDAwMDAwMDAwMDAsInJlYWQiOjMwMDAwMDAwMDAwMCwidXBkYXRlIjo1NDAwMDAwMDAwMDAwfX0="
        }
      ]
    }
  ],
  "check_results": null
}
