{
  "version": 4,
  "terraform_version": "1.16.1",
  "serial": 74,
  "lineage": "a056ca97-fd8a-3c2e-8855-5614bf0f7249",
  "outputs": {},
  "resources": [
    {
      "module": "module.module-dev",
      "mode": "managed",
      "type": "azurerm_network_interface",
      "name": "nic01",
      "provider": "module.module-dev.provider[\"registry.terraform.io/hashicorp/azurerm\"]",
      "instances": [
        {
          "schema_version": 0,
          "attributes": {
            "accelerated_networking_enabled": false,
            "applied_dns_servers": [],
            "auxiliary_mode": "",
            "auxiliary_sku": "",
            "dns_servers": [],
            "edge_zone": "",
            "id": "/subscriptions/f6cfd0e6-6d53-4b43-b432-69e591dde076/resourceGroups/dev-rg/providers/Microsoft.Network/networkInterfaces/dev-nic",
            "internal_dns_name_label": "",
            "internal_domain_name_suffix": "rbei1x15pxtebbcxt4iryeuxqd.rx.internal.cloudapp.net",
            "ip_configuration": [
              {
                "gateway_load_balancer_frontend_ip_configuration_id": "",
                "name": "internal",
                "primary": true,
                "private_ip_address": "10.0.0.4",
                "private_ip_address_allocation": "Dynamic",
                "private_ip_address_version": "IPv4",
                "public_ip_address_id": "",
                "subnet_id": "/subscriptions/f6cfd0e6-6d53-4b43-b432-69e591dde076/resourceGroups/dev-rg/providers/Microsoft.Network/virtualNetworks/dev-vnet/subnets/dev-snet"
              }
            ],
            "ip_forwarding_enabled": false,
            "location": "centralindia",
            "mac_address": "",
            "name": "dev-nic",
            "private_ip_address": "10.0.0.4",
            "private_ip_addresses": [
              "10.0.0.4"
            ],
            "resource_group_name": "dev-rg",
            "tags": {},
            "timeouts": null,
            "virtual_machine_id": ""
          },
          "sensitive_attributes": [],
          "identity_schema_version": 0,
          "identity": {
            "name": "dev-nic",
            "resource_group_name": "dev-rg",
            "subscription_id": "f6cfd0e6-6d53-4b43-b432-69e591dde076"
          },
          "private": "eyJlMmJmYjczMC1lY2FhLTExZTYtOGY4OC0zNDM2M2JjN2M0YzAiOnsiY3JlYXRlIjoxODAwMDAwMDAwMDAwLCJkZWxldGUiOjE4MDAwMDAwMDAwMDAsInJlYWQiOjMwMDAwMDAwMDAwMCwidXBkYXRlIjoxODAwMDAwMDAwMDAwfX0=",
          "dependencies": [
            "module.module-dev.azurerm_resource_group.rg01",
            "module.module-dev.azurerm_subnet.snet01",
            "module.module-dev.azurerm_virtual_network.vnet01"
          ]
        }
      ]
    },
    {
      "module": "module.module-dev",
      "mode": "managed",
      "type": "azurerm_public_ip",
      "name": "myVMPIP01",
      "provider": "module.module-dev.provider[\"registry.terraform.io/hashicorp/azurerm\"]",
      "instances": [
        {
          "schema_version": 0,
          "attributes": {
            "allocation_method": "Static",
            "ddos_protection_mode": "VirtualNetworkInherited",
            "ddos_protection_plan_id": null,
            "domain_name_label": "",
            "domain_name_label_scope": "",
            "edge_zone": "",
            "fqdn": "",
            "id": "/subscriptions/f6cfd0e6-6d53-4b43-b432-69e591dde076/resourceGroups/dev-rg/providers/Microsoft.Network/publicIPAddresses/dev-pip",
            "idle_timeout_in_minutes": 4,
            "ip_address": "74.225.189.34",
            "ip_tags": {},
            "ip_version": "IPv4",
            "location": "centralindia",
            "name": "dev-pip",
            "public_ip_prefix_id": null,
            "resource_group_name": "dev-rg",
            "reverse_fqdn": "",
            "sku": "Standard",
            "sku_tier": "Regional",
            "tags": {},
            "timeouts": null,
            "zones": []
          },
          "sensitive_attributes": [],
          "identity_schema_version": 0,
          "identity": {
            "name": "dev-pip",
            "resource_group_name": "dev-rg",
            "subscription_id": "f6cfd0e6-6d53-4b43-b432-69e591dde076"
          },
          "private": "eyJlMmJmYjczMC1lY2FhLTExZTYtOGY4OC0zNDM2M2JjN2M0YzAiOnsiY3JlYXRlIjoxODAwMDAwMDAwMDAwLCJkZWxldGUiOjE4MDAwMDAwMDAwMDAsInJlYWQiOjMwMDAwMDAwMDAwMCwidXBkYXRlIjoxODAwMDAwMDAwMDAwfX0=",
          "dependencies": [
            "module.module-dev.azurerm_resource_group.rg01"
          ]
        }
      ]
    },
    {
      "module": "module.module-dev",
      "mode": "managed",
      "type": "azurerm_resource_group",
      "name": "rg01",
      "provider": "module.module-dev.provider[\"registry.terraform.io/hashicorp/azurerm\"]",
      "instances": [
        {
          "schema_version": 0,
          "attributes": {
            "id": "/subscriptions/f6cfd0e6-6d53-4b43-b432-69e591dde076/resourceGroups/dev-rg",
            "location": "centralindia",
            "managed_by": "",
            "name": "dev-rg",
            "tags": {},
            "timeouts": null
          },
          "sensitive_attributes": [],
          "identity_schema_version": 0,
          "identity": {
            "name": "dev-rg",
            "subscription_id": "f6cfd0e6-6d53-4b43-b432-69e591dde076"
          },
          "private": "eyJlMmJmYjczMC1lY2FhLTExZTYtOGY4OC0zNDM2M2JjN2M0YzAiOnsiY3JlYXRlIjo1NDAwMDAwMDAwMDAwLCJkZWxldGUiOjU0MDAwMDAwMDAwMDAsInJlYWQiOjMwMDAwMDAwMDAwMCwidXBkYXRlIjo1NDAwMDAwMDAwMDAwfX0="
        }
      ]
    },
    {
      "module": "module.module-dev",
      "mode": "managed",
      "type": "azurerm_subnet",
      "name": "snet01",
      "provider": "module.module-dev.provider[\"registry.terraform.io/hashicorp/azurerm\"]",
      "instances": [
        {
          "schema_version": 0,
          "attributes": {
            "address_prefixes": [
              "10.0.0.0/24"
            ],
            "default_outbound_access_enabled": true,
            "delegation": [],
            "id": "/subscriptions/f6cfd0e6-6d53-4b43-b432-69e591dde076/resourceGroups/dev-rg/providers/Microsoft.Network/virtualNetworks/dev-vnet/subnets/dev-snet",
            "ip_address_pool": [],
            "name": "dev-snet",
            "network_security_group_id": "",
            "network_security_group_id_wo": null,
            "network_security_group_id_wo_version": 0,
            "private_endpoint_network_policies": "Disabled",
            "private_link_service_network_policies_enabled": true,
            "resource_group_name": "dev-rg",
            "route_table_id": "",
            "route_table_id_wo": null,
            "route_table_id_wo_version": 0,
            "service_endpoint": [],
            "service_endpoint_policy_ids": [],
            "sharing_scope": "",
            "timeouts": null,
            "virtual_network_name": "dev-vnet"
          },
          "sensitive_attributes": [],
          "identity_schema_version": 0,
          "identity": {
            "name": "dev-snet",
            "resource_group_name": "dev-rg",
            "subscription_id": "f6cfd0e6-6d53-4b43-b432-69e591dde076",
            "virtual_network_name": "dev-vnet"
          },
          "private": "eyJlMmJmYjczMC1lY2FhLTExZTYtOGY4OC0zNDM2M2JjN2M0YzAiOnsiY3JlYXRlIjoxODAwMDAwMDAwMDAwLCJkZWxldGUiOjE4MDAwMDAwMDAwMDAsInJlYWQiOjMwMDAwMDAwMDAwMCwidXBkYXRlIjoxODAwMDAwMDAwMDAwfX0=",
          "dependencies": [
            "module.module-dev.azurerm_resource_group.rg01",
            "module.module-dev.azurerm_virtual_network.vnet01"
          ]
        }
      ]
    },
    {
      "module": "module.module-dev",
      "mode": "managed",
      "type": "azurerm_virtual_network",
      "name": "vnet01",
      "provider": "module.module-dev.provider[\"registry.terraform.io/hashicorp/azurerm\"]",
      "instances": [
        {
          "schema_version": 0,
          "attributes": {
            "address_space": [
              "10.0.0.0/16"
            ],
            "bgp_community": "",
            "ddos_protection_plan": [],
            "dns_servers": [],
            "edge_zone": "",
            "encryption": [],
            "flow_timeout_in_minutes": 0,
            "guid": "df8d4888-7d7f-40e6-8457-9f911c129783",
            "id": "/subscriptions/f6cfd0e6-6d53-4b43-b432-69e591dde076/resourceGroups/dev-rg/providers/Microsoft.Network/virtualNetworks/dev-vnet",
            "ip_address_pool": [],
            "location": "centralindia",
            "name": "dev-vnet",
            "private_endpoint_vnet_policies": "Disabled",
            "resource_group_name": "dev-rg",
            "subnet": [
              {
                "address_prefixes": [
                  "10.0.0.0/24"
                ],
                "default_outbound_access_enabled": true,
                "delegation": [],
                "id": "/subscriptions/f6cfd0e6-6d53-4b43-b432-69e591dde076/resourceGroups/dev-rg/providers/Microsoft.Network/virtualNetworks/dev-vnet/subnets/dev-snet",
                "name": "dev-snet",
                "private_endpoint_network_policies": "Disabled",
                "private_link_service_network_policies_enabled": true,
                "route_table_id": "",
                "security_group": "",
                "service_endpoint": [],
                "service_endpoint_policy_ids": []
              }
            ],
            "tags": {},
            "timeouts": null
          },
          "sensitive_attributes": [],
          "identity_schema_version": 0,
          "identity": {
            "name": "dev-vnet",
            "resource_group_name": "dev-rg",
            "subscription_id": "f6cfd0e6-6d53-4b43-b432-69e591dde076"
          },
          "private": "eyJlMmJmYjczMC1lY2FhLTExZTYtOGY4OC0zNDM2M2JjN2M0YzAiOnsiY3JlYXRlIjoxODAwMDAwMDAwMDAwLCJkZWxldGUiOjE4MDAwMDAwMDAwMDAsInJlYWQiOjMwMDAwMDAwMDAwMCwidXBkYXRlIjoxODAwMDAwMDAwMDAwfX0=",
          "dependencies": [
            "module.module-dev.azurerm_resource_group.rg01"
          ]
        }
      ]
    },
    {
      "module": "module.module-prod",
      "mode": "managed",
      "type": "azurerm_public_ip",
      "name": "myVMPIP01",
      "provider": "module.module-prod.provider[\"registry.terraform.io/hashicorp/azurerm\"]",
      "instances": [
        {
          "schema_version": 0,
          "attributes": {
            "allocation_method": "Static",
            "ddos_protection_mode": "VirtualNetworkInherited",
            "ddos_protection_plan_id": null,
            "domain_name_label": "",
            "domain_name_label_scope": "",
            "edge_zone": "",
            "fqdn": "",
            "id": "/subscriptions/f6cfd0e6-6d53-4b43-b432-69e591dde076/resourceGroups/prod-rg/providers/Microsoft.Network/publicIPAddresses/prod-pip",
            "idle_timeout_in_minutes": 4,
            "ip_address": "74.225.189.50",
            "ip_tags": {},
            "ip_version": "IPv4",
            "location": "centralindia",
            "name": "prod-pip",
            "public_ip_prefix_id": null,
            "resource_group_name": "prod-rg",
            "reverse_fqdn": "",
            "sku": "Standard",
            "sku_tier": "Regional",
            "tags": {},
            "timeouts": null,
            "zones": []
          },
          "sensitive_attributes": [],
          "identity_schema_version": 0,
          "identity": {
            "name": "prod-pip",
            "resource_group_name": "prod-rg",
            "subscription_id": "f6cfd0e6-6d53-4b43-b432-69e591dde076"
          },
          "private": "eyJlMmJmYjczMC1lY2FhLTExZTYtOGY4OC0zNDM2M2JjN2M0YzAiOnsiY3JlYXRlIjoxODAwMDAwMDAwMDAwLCJkZWxldGUiOjE4MDAwMDAwMDAwMDAsInJlYWQiOjMwMDAwMDAwMDAwMCwidXBkYXRlIjoxODAwMDAwMDAwMDAwfX0=",
          "dependencies": [
            "module.module-prod.azurerm_resource_group.rg01"
          ]
        }
      ]
    },
    {
      "module": "module.module-prod",
      "mode": "managed",
      "type": "azurerm_resource_group",
      "name": "rg01",
      "provider": "module.module-prod.provider[\"registry.terraform.io/hashicorp/azurerm\"]",
      "instances": [
        {
          "schema_version": 0,
          "attributes": {
            "id": "/subscriptions/f6cfd0e6-6d53-4b43-b432-69e591dde076/resourceGroups/prod-rg",
            "location": "centralindia",
            "managed_by": "",
            "name": "prod-rg",
            "tags": {},
            "timeouts": null
          },
          "sensitive_attributes": [],
          "identity_schema_version": 0,
          "identity": {
            "name": "prod-rg",
            "subscription_id": "f6cfd0e6-6d53-4b43-b432-69e591dde076"
          },
          "private": "eyJlMmJmYjczMC1lY2FhLTExZTYtOGY4OC0zNDM2M2JjN2M0YzAiOnsiY3JlYXRlIjo1NDAwMDAwMDAwMDAwLCJkZWxldGUiOjU0MDAwMDAwMDAwMDAsInJlYWQiOjMwMDAwMDAwMDAwMCwidXBkYXRlIjo1NDAwMDAwMDAwMDAwfX0="
        }
      ]
    },
    {
      "module": "module.module-prod",
      "mode": "managed",
      "type": "azurerm_virtual_network",
      "name": "vnet01",
      "provider": "module.module-prod.provider[\"registry.terraform.io/hashicorp/azurerm\"]",
      "instances": [
        {
          "schema_version": 0,
          "attributes": {
            "address_space": [
              "10.0.0.0/16"
            ],
            "bgp_community": "",
            "ddos_protection_plan": [],
            "dns_servers": [],
            "edge_zone": "",
            "encryption": [],
            "flow_timeout_in_minutes": 0,
            "guid": "5a178029-d0a3-4bf4-911e-ff19b2010780",
            "id": "/subscriptions/f6cfd0e6-6d53-4b43-b432-69e591dde076/resourceGroups/prod-rg/providers/Microsoft.Network/virtualNetworks/prod-vnet",
            "ip_address_pool": [],
            "location": "centralindia",
            "name": "prod-vnet",
            "private_endpoint_vnet_policies": "Disabled",
            "resource_group_name": "prod-rg",
            "subnet": [
              {
                "address_prefixes": [
                  "10.0.0.0/24"
                ],
                "default_outbound_access_enabled": true,
                "delegation": [],
                "id": "/subscriptions/f6cfd0e6-6d53-4b43-b432-69e591dde076/resourceGroups/prod-rg/providers/Microsoft.Network/virtualNetworks/prod-vnet/subnets/prod-snet",
                "name": "prod-snet",
                "private_endpoint_network_policies": "Disabled",
                "private_link_service_network_policies_enabled": true,
                "route_table_id": "",
                "security_group": "",
                "service_endpoint": [],
                "service_endpoint_policy_ids": []
              }
            ],
            "tags": {},
            "timeouts": null
          },
          "sensitive_attributes": [],
          "identity_schema_version": 0,
          "identity": {
            "name": "prod-vnet",
            "resource_group_name": "prod-rg",
            "subscription_id": "f6cfd0e6-6d53-4b43-b432-69e591dde076"
          },
          "private": "eyJlMmJmYjczMC1lY2FhLTExZTYtOGY4OC0zNDM2M2JjN2M0YzAiOnsiY3JlYXRlIjoxODAwMDAwMDAwMDAwLCJkZWxldGUiOjE4MDAwMDAwMDAwMDAsInJlYWQiOjMwMDAwMDAwMDAwMCwidXBkYXRlIjoxODAwMDAwMDAwMDAwfX0=",
          "dependencies": [
            "module.module-prod.azurerm_resource_group.rg01"
          ]
        }
      ]
    },
    {
      "module": "module.module-uat",
      "mode": "managed",
      "type": "azurerm_network_interface",
      "name": "nic01",
      "provider": "module.module-uat.provider[\"registry.terraform.io/hashicorp/azurerm\"]",
      "instances": [
        {
          "schema_version": 0,
          "attributes": {
            "accelerated_networking_enabled": false,
            "applied_dns_servers": [],
            "auxiliary_mode": "",
            "auxiliary_sku": "",
            "dns_servers": null,
            "edge_zone": "",
            "id": "/subscriptions/f6cfd0e6-6d53-4b43-b432-69e591dde076/resourceGroups/UAT-rg/providers/Microsoft.Network/networkInterfaces/UAT-nic",
            "internal_dns_name_label": "",
            "internal_domain_name_suffix": "rzk4n2h3nsqedp3ht4zwugy1qb.rx.internal.cloudapp.net",
            "ip_configuration": [
              {
                "gateway_load_balancer_frontend_ip_configuration_id": "",
                "name": "internal",
                "primary": true,
                "private_ip_address": "10.0.0.4",
                "private_ip_address_allocation": "Dynamic",
                "private_ip_address_version": "IPv4",
                "public_ip_address_id": "",
                "subnet_id": "/subscriptions/f6cfd0e6-6d53-4b43-b432-69e591dde076/resourceGroups/UAT-rg/providers/Microsoft.Network/virtualNetworks/UAT-vnet/subnets/UAT-snet"
              }
            ],
            "ip_forwarding_enabled": false,
            "location": "centralindia",
            "mac_address": "",
            "name": "UAT-nic",
            "private_ip_address": "10.0.0.4",
            "private_ip_addresses": [
              "10.0.0.4"
            ],
            "resource_group_name": "UAT-rg",
            "tags": null,
            "timeouts": null,
            "virtual_machine_id": ""
          },
          "sensitive_attributes": [],
          "identity_schema_version": 0,
          "identity": {
            "name": "UAT-nic",
            "resource_group_name": "UAT-rg",
            "subscription_id": "f6cfd0e6-6d53-4b43-b432-69e591dde076"
          },
          "private": "eyJlMmJmYjczMC1lY2FhLTExZTYtOGY4OC0zNDM2M2JjN2M0YzAiOnsiY3JlYXRlIjoxODAwMDAwMDAwMDAwLCJkZWxldGUiOjE4MDAwMDAwMDAwMDAsInJlYWQiOjMwMDAwMDAwMDAwMCwidXBkYXRlIjoxODAwMDAwMDAwMDAwfX0=",
          "dependencies": [
            "module.module-uat.azurerm_resource_group.rg01",
            "module.module-uat.azurerm_subnet.snet01",
            "module.module-uat.azurerm_virtual_network.vnet01"
          ]
        }
      ]
    },
    {
      "module": "module.module-uat",
      "mode": "managed",
      "type": "azurerm_public_ip",
      "name": "myVMPIP01",
      "provider": "module.module-uat.provider[\"registry.terraform.io/hashicorp/azurerm\"]",
      "instances": [
        {
          "schema_version": 0,
          "attributes": {
            "allocation_method": "Static",
            "ddos_protection_mode": "VirtualNetworkInherited",
            "ddos_protection_plan_id": null,
            "domain_name_label": "",
            "domain_name_label_scope": "",
            "edge_zone": "",
            "fqdn": "",
            "id": "/subscriptions/f6cfd0e6-6d53-4b43-b432-69e591dde076/resourceGroups/UAT-rg/providers/Microsoft.Network/publicIPAddresses/UAT-pip",
            "idle_timeout_in_minutes": 4,
            "ip_address": "98.70.120.62",
            "ip_tags": null,
            "ip_version": "IPv4",
            "location": "centralindia",
            "name": "UAT-pip",
            "public_ip_prefix_id": null,
            "resource_group_name": "UAT-rg",
            "reverse_fqdn": "",
            "sku": "Standard",
            "sku_tier": "Regional",
            "tags": null,
            "timeouts": null,
            "zones": null
          },
          "sensitive_attributes": [],
          "identity_schema_version": 0,
          "identity": {
            "name": "UAT-pip",
            "resource_group_name": "UAT-rg",
            "subscription_id": "f6cfd0e6-6d53-4b43-b432-69e591dde076"
          },
          "private": "eyJlMmJmYjczMC1lY2FhLTExZTYtOGY4OC0zNDM2M2JjN2M0YzAiOnsiY3JlYXRlIjoxODAwMDAwMDAwMDAwLCJkZWxldGUiOjE4MDAwMDAwMDAwMDAsInJlYWQiOjMwMDAwMDAwMDAwMCwidXBkYXRlIjoxODAwMDAwMDAwMDAwfX0=",
          "dependencies": [
            "module.module-uat.azurerm_resource_group.rg01"
          ]
        }
      ]
    },
    {
      "module": "module.module-uat",
      "mode": "managed",
      "type": "azurerm_resource_group",
      "name": "rg01",
      "provider": "module.module-uat.provider[\"registry.terraform.io/hashicorp/azurerm\"]",
      "instances": [
        {
          "schema_version": 0,
          "attributes": {
            "id": "/subscriptions/f6cfd0e6-6d53-4b43-b432-69e591dde076/resourceGroups/UAT-rg",
            "location": "centralindia",
            "managed_by": "",
            "name": "UAT-rg",
            "tags": null,
            "timeouts": null
          },
          "sensitive_attributes": [],
          "identity_schema_version": 0,
          "identity": {
            "name": "UAT-rg",
            "subscription_id": "f6cfd0e6-6d53-4b43-b432-69e591dde076"
          },
          "private": "eyJlMmJmYjczMC1lY2FhLTExZTYtOGY4OC0zNDM2M2JjN2M0YzAiOnsiY3JlYXRlIjo1NDAwMDAwMDAwMDAwLCJkZWxldGUiOjU0MDAwMDAwMDAwMDAsInJlYWQiOjMwMDAwMDAwMDAwMCwidXBkYXRlIjo1NDAwMDAwMDAwMDAwfX0="
        }
      ]
    },
    {
      "module": "module.module-uat",
      "mode": "managed",
      "type": "azurerm_subnet",
      "name": "snet01",
      "provider": "module.module-uat.provider[\"registry.terraform.io/hashicorp/azurerm\"]",
      "instances": [
        {
          "schema_version": 0,
          "attributes": {
            "address_prefixes": [
              "10.0.0.0/24"
            ],
            "default_outbound_access_enabled": true,
            "delegation": [],
            "id": "/subscriptions/f6cfd0e6-6d53-4b43-b432-69e591dde076/resourceGroups/UAT-rg/providers/Microsoft.Network/virtualNetworks/UAT-vnet/subnets/UAT-snet",
            "ip_address_pool": [],
            "name": "UAT-snet",
            "network_security_group_id": "",
            "network_security_group_id_wo": null,
            "network_security_group_id_wo_version": 0,
            "private_endpoint_network_policies": "Disabled",
            "private_link_service_network_policies_enabled": true,
            "resource_group_name": "UAT-rg",
            "route_table_id": "",
            "route_table_id_wo": null,
            "route_table_id_wo_version": 0,
            "service_endpoint": [],
            "service_endpoint_policy_ids": null,
            "sharing_scope": "",
            "timeouts": null,
            "virtual_network_name": "UAT-vnet"
          },
          "sensitive_attributes": [],
          "identity_schema_version": 0,
          "identity": {
            "name": "UAT-snet",
            "resource_group_name": "UAT-rg",
            "subscription_id": "f6cfd0e6-6d53-4b43-b432-69e591dde076",
            "virtual_network_name": "UAT-vnet"
          },
          "private": "eyJlMmJmYjczMC1lY2FhLTExZTYtOGY4OC0zNDM2M2JjN2M0YzAiOnsiY3JlYXRlIjoxODAwMDAwMDAwMDAwLCJkZWxldGUiOjE4MDAwMDAwMDAwMDAsInJlYWQiOjMwMDAwMDAwMDAwMCwidXBkYXRlIjoxODAwMDAwMDAwMDAwfX0=",
          "dependencies": [
            "module.module-uat.azurerm_resource_group.rg01",
            "module.module-uat.azurerm_virtual_network.vnet01"
          ]
        }
      ]
    },
    {
      "module": "module.module-uat",
      "mode": "managed",
      "type": "azurerm_virtual_network",
      "name": "vnet01",
      "provider": "module.module-uat.provider[\"registry.terraform.io/hashicorp/azurerm\"]",
      "instances": [
        {
          "schema_version": 0,
          "attributes": {
            "address_space": [
              "10.0.0.0/16"
            ],
            "bgp_community": "",
            "ddos_protection_plan": [],
            "dns_servers": [],
            "edge_zone": "",
            "encryption": [],
            "flow_timeout_in_minutes": 0,
            "guid": "f0e6558e-6cfd-41a0-bfa7-9fb36a1b1b81",
            "id": "/subscriptions/f6cfd0e6-6d53-4b43-b432-69e591dde076/resourceGroups/UAT-rg/providers/Microsoft.Network/virtualNetworks/UAT-vnet",
            "ip_address_pool": [],
            "location": "centralindia",
            "name": "UAT-vnet",
            "private_endpoint_vnet_policies": "Disabled",
            "resource_group_name": "UAT-rg",
            "subnet": [],
            "tags": null,
            "timeouts": null
          },
          "sensitive_attributes": [],
          "identity_schema_version": 0,
          "identity": {
            "name": "UAT-vnet",
            "resource_group_name": "UAT-rg",
            "subscription_id": "f6cfd0e6-6d53-4b43-b432-69e591dde076"
          },
          "private": "eyJlMmJmYjczMC1lY2FhLTExZTYtOGY4OC0zNDM2M2JjN2M0YzAiOnsiY3JlYXRlIjoxODAwMDAwMDAwMDAwLCJkZWxldGUiOjE4MDAwMDAwMDAwMDAsInJlYWQiOjMwMDAwMDAwMDAwMCwidXBkYXRlIjoxODAwMDAwMDAwMDAwfX0=",
          "dependencies": [
            "module.module-uat.azurerm_resource_group.rg01"
          ]
        }
      ]
    }
  ],
  "check_results": null
}
